{
    "_meta": {
        "hash": {
            "sha256": "83a9c8449ca9ac5b488d87f893b8d60c907ce216cf9a427daaa66ee2e9fe8bc9"
        },
        "pipfile-spec": 6,
        "requires": {
            "python_version": "3.7"
        },
        "sources": [
            {
                "name": "pypi",
                "url": "https://pypi.org/simple",
                "verify_ssl": true
            }
        ]
    },
    "default": {
        "mysqlclient": {
            "hashes": [
                "sha256:4c82187dd6ab3607150fbb1fa5ef4643118f3da122b8ba31c3149ddd9cf0cb39",
                "sha256:7e0fb8aa09b57b3d92d8484f3ad507d1c7cc74de5b41946ea704d4d1907b0fe4",
                "sha256:9e6080a7aee4cc6a06b58b59239f20f1d259c1d2fddf68ddeed242d2311c7087",
                "sha256:f3fdaa9a38752a3b214a6fe79d7cae3653731a53e577821f9187e67cbecb2e16",
                "sha256:f646f8d17d02be0872291f258cce3813497bc7888cd4712a577fd1e719b2f213"
            ],
            "path": "./mysqlclient-1.4.6-cp39-none-win32.whl",
            "version": "==1.4.6"
        }
    },
    "develop": {}
}
